# Generated lockfile for Personal Academic AI Assistant
# Verified on CPython 3.14 Linux runtime
alembic==1.19.1
annotated-doc==0.0.5
annotated-types==0.8.0
anyio==4.15.1
asyncpg==0.31.0
certifi==2026.7.22
cffi==2.1.1
charset-normalizer==3.5.1
click==8.5.0
coverage==7.16.0
cryptography==44.0.3
fastapi==0.141.1
feedparser==6.0.14
feedparser-sgmllib==2.1.0
google-api-core==2.36.0
google-api-python-client==2.199.0
google-auth==2.58.0
google-auth-httplib2==0.4.2
google-auth-oauthlib==1.4.1
googleapis-common-protos==1.75.3
greenlet==3.5.5
grpcio==1.83.1
h11==0.16.0
h2==4.4.1
hpack==4.2.0
httpcore==1.0.9
httpcore2==2.12.0
httplib2==0.32.0
httptools==0.8.0
httpx==0.28.1
httpx2==2.12.0
hyperframe==6.1.0
idna==3.19
iniconfig==2.3.0
Jinja2==3.1.6
jiter==0.16.0
lxml==6.1.3
Mako==1.4.1
MarkupSafe==3.0.3
numpy==2.5.3
oauthlib==3.3.1
ollama==0.6.2
openai==3.6.0
opentelemetry-api==1.44.0
packaging==26.3
pluggy==1.6.0
portalocker==3.2.0
proto-plus==1.28.4
protobuf==7.36.1
psycopg2-binary==2.9.12
pyasn1==0.6.4
pyasn1_modules==0.4.2
pycparser==3.0
pydantic==2.13.5
pydantic-settings==2.15.0
pydantic_core==2.46.5
Pygments==2.21.0
pyparsing==3.3.2
pypdf==5.9.0
pytest==9.1.1
pytest-asyncio==1.4.0
pytest-cov==7.1.0
python-docx==1.2.0
python-dotenv==1.2.3
python-telegram-bot==22.8
PyYAML==6.0.3
qdrant-client==1.19.0
regex==2026.9.10
requests==2.34.2
requests-oauthlib==2.0.0
sniffio==1.3.1
SQLAlchemy==2.0.52
starlette==1.6.0
tiktoken==0.14.0
truststore==0.10.4
typing-inspection==0.4.4
typing_extensions==4.16.0
tzdata==2026.3
uritemplate==4.2.0
urllib3==2.7.0
uvicorn==0.52.4
uvloop==0.22.1
watchfiles==1.2.0
websockets==17.1
